# THIS IS AN AUTOGENERATED FILE. DO NOT EDIT THIS FILE DIRECTLY.
# yarn lockfile v1


sortablejs@^1.9.0:
  version "1.9.0"
  resolved "https://registry.yarnpkg.com/sortablejs/-/sortablejs-1.9.0.tgz#2d1e74ae6bac2cb4ad0622908f340848969eb88d"

vuedraggable@^2.23.0:
  version "2.23.0"
  resolved "https://registry.yarnpkg.com/vuedraggable/-/vuedraggable-2.23.0.tgz#1f4a5a601675a5dbf0d96ee61aebfffa43445262"
  dependencies:
    sortablejs "^1.9.0"
